// !$*UTF8*$!
{
	archiveVersion = 1;
	classes = {
	};
	objectVersion = 55;
	objects = {

/* Begin PBXBuildFile section */
		113CC0E0283695C60081204C /* FilmsWithBenefitsApp.swift in Sources */ = {isa = PBXBuildFile; fileRef = 113CC0DF283695C60081204C /* FilmsWithBenefitsApp.swift */; };
		113CC0E2283695C60081204C /* ContentView.swift in Sources */ = {isa = PBXBuildFile; fileRef = 113CC0E1283695C60081204C /* ContentView.swift */; };
		113CC0E4283695C70081204C /* Assets.xcassets in Resources */ = {isa = PBXBuildFile; fileRef = 113CC0E3283695C70081204C /* Assets.xcassets */; };
		113CC0E7283695C70081204C /* Preview Assets.xcassets in Resources */ = {isa = PBXBuildFile; fileRef = 113CC0E6283695C70081204C /* Preview Assets.xcassets */; };
		113CC0E9283695C70081204C /* Persistence.swift in Sources */ = {isa = PBXBuildFile; fileRef = 113CC0E8283695C70081204C /* Persistence.swift */; };
		113CC0EC283695C70081204C /* FilmsWithBenefits.xcdatamodeld in Sources */ = {isa = PBXBuildFile; fileRef = 113CC0EA283695C70081204C /* FilmsWithBenefits.xcdatamodeld */; };
		113CC0F32836971D0081204C /* WordTypeEnum.swift in Sources */ = {isa = PBXBuildFile; fileRef = 113CC0F22836971D0081204C /* WordTypeEnum.swift */; };
		113CC0F6283698EB0081204C /* Word.swift in Sources */ = {isa = PBXBuildFile; fileRef = 113CC0F5283698EB0081204C /* Word.swift */; };
		113CC0F828369C990081204C /* Mission.swift in Sources */ = {isa = PBXBuildFile; fileRef = 113CC0F728369C990081204C /* Mission.swift */; };
		113CC0FA28369CC90081204C /* Film.swift in Sources */ = {isa = PBXBuildFile; fileRef = 113CC0F928369CC90081204C /* Film.swift */; };
		113CC0FC2836A2FD0081204C /* FilmTypeEnum.swift in Sources */ = {isa = PBXBuildFile; fileRef = 113CC0FB2836A2FD0081204C /* FilmTypeEnum.swift */; };
		113CC12028375E690081204C /* MissionEntity+Ext.swift in Sources */ = {isa = PBXBuildFile; fileRef = 113CC11F28375E690081204C /* MissionEntity+Ext.swift */; };
		113CC12228375EA90081204C /* WordEntity+Ext.swift in Sources */ = {isa = PBXBuildFile; fileRef = 113CC12128375EA90081204C /* WordEntity+Ext.swift */; };
		113CC12C28376DFD0081204C /* JSONSchemaSupport.swift in Sources */ = {isa = PBXBuildFile; fileRef = 113CC12328376DFD0081204C /* JSONSchemaSupport.swift */; };
		113CC12D28376DFD0081204C /* NetworkResponse.swift in Sources */ = {isa = PBXBuildFile; fileRef = 113CC12428376DFD0081204C /* NetworkResponse.swift */; };
		113CC12E28376DFD0081204C /* ProductionCountryResponse.swift in Sources */ = {isa = PBXBuildFile; fileRef = 113CC12528376DFD0081204C /* ProductionCountryResponse.swift */; };
		113CC12F28376DFD0081204C /* CreatedByResponse.swift in Sources */ = {isa = PBXBuildFile; fileRef = 113CC12628376DFD0081204C /* CreatedByResponse.swift */; };
		113CC13028376DFD0081204C /* SpokenLanguageResponse.swift in Sources */ = {isa = PBXBuildFile; fileRef = 113CC12728376DFD0081204C /* SpokenLanguageResponse.swift */; };
		113CC13128376DFD0081204C /* GenreResponse.swift in Sources */ = {isa = PBXBuildFile; fileRef = 113CC12828376DFD0081204C /* GenreResponse.swift */; };
		113CC13228376DFD0081204C /* LastEpisodeToAirResponse.swift in Sources */ = {isa = PBXBuildFile; fileRef = 113CC12928376DFD0081204C /* LastEpisodeToAirResponse.swift */; };
		113CC13328376DFD0081204C /* SeasonResponse.swift in Sources */ = {isa = PBXBuildFile; fileRef = 113CC12A28376DFD0081204C /* SeasonResponse.swift */; };
		113CC13428376DFD0081204C /* TvResponse.swift in Sources */ = {isa = PBXBuildFile; fileRef = 113CC12B28376DFD0081204C /* TvResponse.swift */; };
		113CC13728376EFA0081204C /* MovieResponse.swift in Sources */ = {isa = PBXBuildFile; fileRef = 113CC13528376EFA0081204C /* MovieResponse.swift */; };
		113CC13828376EFA0081204C /* ProductionCompanyResponse.swift in Sources */ = {isa = PBXBuildFile; fileRef = 113CC13628376EFA0081204C /* ProductionCompanyResponse.swift */; };
		113CC13D283770160081204C /* SearchResponse.swift in Sources */ = {isa = PBXBuildFile; fileRef = 113CC139283770160081204C /* SearchResponse.swift */; };
		113CC13E283770160081204C /* ResultResponse.swift in Sources */ = {isa = PBXBuildFile; fileRef = 113CC13A283770160081204C /* ResultResponse.swift */; };
		113CC13F283770160081204C /* OriginalLanguageResponse.swift in Sources */ = {isa = PBXBuildFile; fileRef = 113CC13B283770160081204C /* OriginalLanguageResponse.swift */; };
		113CC140283770160081204C /* MediaTypeResponse.swift in Sources */ = {isa = PBXBuildFile; fileRef = 113CC13C283770160081204C /* MediaTypeResponse.swift */; };
		113CC143283771750081204C /* RequestResult.swift in Sources */ = {isa = PBXBuildFile; fileRef = 113CC142283771750081204C /* RequestResult.swift */; };
		113CC1452837718A0081204C /* ErrorResponse.swift in Sources */ = {isa = PBXBuildFile; fileRef = 113CC1442837718A0081204C /* ErrorResponse.swift */; };
		113CC1472837719B0081204C /* Client.swift in Sources */ = {isa = PBXBuildFile; fileRef = 113CC1462837719B0081204C /* Client.swift */; };
		113CC149283771D00081204C /* APICall.swift in Sources */ = {isa = PBXBuildFile; fileRef = 113CC148283771D00081204C /* APICall.swift */; };
		113CC14C2837B2F40081204C /* FilmNoteEntity+Ext.swift in Sources */ = {isa = PBXBuildFile; fileRef = 113CC14B2837B2F40081204C /* FilmNoteEntity+Ext.swift */; };
		113CC14E2837B3F40081204C /* Repository.swift in Sources */ = {isa = PBXBuildFile; fileRef = 113CC14D2837B3F40081204C /* Repository.swift */; };
		113CC1502837B5730081204C /* ResultResponse+Mapper.swift in Sources */ = {isa = PBXBuildFile; fileRef = 113CC14F2837B5730081204C /* ResultResponse+Mapper.swift */; };
		113CC1532837B6A90081204C /* MediaTypeResponse+Mapper.swift in Sources */ = {isa = PBXBuildFile; fileRef = 113CC1522837B6A90081204C /* MediaTypeResponse+Mapper.swift */; };
		113CC1552837E4CD0081204C /* MovieResponse+Mapper.swift in Sources */ = {isa = PBXBuildFile; fileRef = 113CC1542837E4CD0081204C /* MovieResponse+Mapper.swift */; };
		118DCA932837EFF3006D0364 /* TvResponse+Mapper.swift in Sources */ = {isa = PBXBuildFile; fileRef = 118DCA922837EFF3006D0364 /* TvResponse+Mapper.swift */; };
		118DCA95283889B6006D0364 /* Word+Ext.swift in Sources */ = {isa = PBXBuildFile; fileRef = 118DCA94283889B6006D0364 /* Word+Ext.swift */; };
		118DCA9728388D7D006D0364 /* FilmNote.swift in Sources */ = {isa = PBXBuildFile; fileRef = 118DCA9628388D7D006D0364 /* FilmNote.swift */; };
		118DCA992838915C006D0364 /* Mission+Ext.swift in Sources */ = {isa = PBXBuildFile; fileRef = 118DCA982838915C006D0364 /* Mission+Ext.swift */; };
		118DCA9B28389252006D0364 /* FilmNote+Ext.swift in Sources */ = {isa = PBXBuildFile; fileRef = 118DCA9A28389252006D0364 /* FilmNote+Ext.swift */; };
		118DCA9D2838AA95006D0364 /* Film+Ext.swift in Sources */ = {isa = PBXBuildFile; fileRef = 118DCA9C2838AA95006D0364 /* Film+Ext.swift */; };
		118DCAA32838F69B006D0364 /* WordsTargetEnum.swift in Sources */ = {isa = PBXBuildFile; fileRef = 118DCAA22838F69B006D0364 /* WordsTargetEnum.swift */; };
/* End PBXBuildFile section */

/* Begin PBXFileReference section */
		113CC0DC283695C60081204C /* FilmsWithBenefits.app */ = {isa = PBXFileReference; explicitFileType = wrapper.application; includeInIndex = 0; path = FilmsWithBenefits.app; sourceTree = BUILT_PRODUCTS_DIR; };
		113CC0DF283695C60081204C /* FilmsWithBenefitsApp.swift */ = {isa = PBXFileReference; lastKnownFileType = sourcecode.swift; path = FilmsWithBenefitsApp.swift; sourceTree = "<group>"; };
		113CC0E1283695C60081204C /* ContentView.swift */ = {isa = PBXFileReference; lastKnownFileType = sourcecode.swift; path = ContentView.swift; sourceTree = "<group>"; };
		113CC0E3283695C70081204C /* Assets.xcassets */ = {isa = PBXFileReference; lastKnownFileType = folder.assetcatalog; path = Assets.xcassets; sourceTree = "<group>"; };
		113CC0E6283695C70081204C /* Preview Assets.xcassets */ = {isa = PBXFileReference; lastKnownFileType = folder.assetcatalog; path = "Preview Assets.xcassets"; sourceTree = "<group>"; };
		113CC0E8283695C70081204C /* Persistence.swift */ = {isa = PBXFileReference; lastKnownFileType = sourcecode.swift; path = Persistence.swift; sourceTree = "<group>"; };
		113CC0EB283695C70081204C /* FilmsWithBenefits.xcdatamodel */ = {isa = PBXFileReference; lastKnownFileType = wrapper.xcdatamodel; path = FilmsWithBenefits.xcdatamodel; sourceTree = "<group>"; };
		113CC0F22836971D0081204C /* WordTypeEnum.swift */ = {isa = PBXFileReference; lastKnownFileType = sourcecode.swift; path = WordTypeEnum.swift; sourceTree = "<group>"; };
		113CC0F5283698EB0081204C /* Word.swift */ = {isa = PBXFileReference; lastKnownFileType = sourcecode.swift; path = Word.swift; sourceTree = "<group>"; };
		113CC0F728369C990081204C /* Mission.swift */ = {isa = PBXFileReference; lastKnownFileType = sourcecode.swift; path = Mission.swift; sourceTree = "<group>"; };
		113CC0F928369CC90081204C /* Film.swift */ = {isa = PBXFileReference; lastKnownFileType = sourcecode.swift; path = Film.swift; sourceTree = "<group>"; };
		113CC0FB2836A2FD0081204C /* FilmTypeEnum.swift */ = {isa = PBXFileReference; lastKnownFileType = sourcecode.swift; path = FilmTypeEnum.swift; sourceTree = "<group>"; };
		113CC11F28375E690081204C /* MissionEntity+Ext.swift */ = {isa = PBXFileReference; lastKnownFileType = sourcecode.swift; path = "MissionEntity+Ext.swift"; sourceTree = "<group>"; };
		113CC12128375EA90081204C /* WordEntity+Ext.swift */ = {isa = PBXFileReference; lastKnownFileType = sourcecode.swift; path = "WordEntity+Ext.swift"; sourceTree = "<group>"; };
		113CC12328376DFD0081204C /* JSONSchemaSupport.swift */ = {isa = PBXFileReference; fileEncoding = 4; lastKnownFileType = sourcecode.swift; path = JSONSchemaSupport.swift; sourceTree = "<group>"; };
		113CC12428376DFD0081204C /* NetworkResponse.swift */ = {isa = PBXFileReference; fileEncoding = 4; lastKnownFileType = sourcecode.swift; path = NetworkResponse.swift; sourceTree = "<group>"; };
		113CC12528376DFD0081204C /* ProductionCountryResponse.swift */ = {isa = PBXFileReference; fileEncoding = 4; lastKnownFileType = sourcecode.swift; path = ProductionCountryResponse.swift; sourceTree = "<group>"; };
		113CC12628376DFD0081204C /* CreatedByResponse.swift */ = {isa = PBXFileReference; fileEncoding = 4; lastKnownFileType = sourcecode.swift; path = CreatedByResponse.swift; sourceTree = "<group>"; };
		113CC12728376DFD0081204C /* SpokenLanguageResponse.swift */ = {isa = PBXFileReference; fileEncoding = 4; lastKnownFileType = sourcecode.swift; path = SpokenLanguageResponse.swift; sourceTree = "<group>"; };
		113CC12828376DFD0081204C /* GenreResponse.swift */ = {isa = PBXFileReference; fileEncoding = 4; lastKnownFileType = sourcecode.swift; path = GenreResponse.swift; sourceTree = "<group>"; };
		113CC12928376DFD0081204C /* LastEpisodeToAirResponse.swift */ = {isa = PBXFileReference; fileEncoding = 4; lastKnownFileType = sourcecode.swift; path = LastEpisodeToAirResponse.swift; sourceTree = "<group>"; };
		113CC12A28376DFD0081204C /* SeasonResponse.swift */ = {isa = PBXFileReference; fileEncoding = 4; lastKnownFileType = sourcecode.swift; path = SeasonResponse.swift; sourceTree = "<group>"; };
		113CC12B28376DFD0081204C /* TvResponse.swift */ = {isa = PBXFileReference; fileEncoding = 4; lastKnownFileType = sourcecode.swift; path = TvResponse.swift; sourceTree = "<group>"; };
		113CC13528376EFA0081204C /* MovieResponse.swift */ = {isa = PBXFileReference; fileEncoding = 4; lastKnownFileType = sourcecode.swift; path = MovieResponse.swift; sourceTree = "<group>"; };
		113CC13628376EFA0081204C /* ProductionCompanyResponse.swift */ = {isa = PBXFileReference; fileEncoding = 4; lastKnownFileType = sourcecode.swift; path = ProductionCompanyResponse.swift; sourceTree = "<group>"; };
		113CC139283770160081204C /* SearchResponse.swift */ = {isa = PBXFileReference; fileEncoding = 4; lastKnownFileType = sourcecode.swift; path = SearchResponse.swift; sourceTree = "<group>"; };
		113CC13A283770160081204C /* ResultResponse.swift */ = {isa = PBXFileReference; fileEncoding = 4; lastKnownFileType = sourcecode.swift; path = ResultResponse.swift; sourceTree = "<group>"; };
		113CC13B283770160081204C /* OriginalLanguageResponse.swift */ = {isa = PBXFileReference; fileEncoding = 4; lastKnownFileType = sourcecode.swift; path = OriginalLanguageResponse.swift; sourceTree = "<group>"; };
		113CC13C283770160081204C /* MediaTypeResponse.swift */ = {isa = PBXFileReference; fileEncoding = 4; lastKnownFileType = sourcecode.swift; path = MediaTypeResponse.swift; sourceTree = "<group>"; };
		113CC142283771750081204C /* RequestResult.swift */ = {isa = PBXFileReference; lastKnownFileType = sourcecode.swift; path = RequestResult.swift; sourceTree = "<group>"; };
		113CC1442837718A0081204C /* ErrorResponse.swift */ = {isa = PBXFileReference; lastKnownFileType = sourcecode.swift; path = ErrorResponse.swift; sourceTree = "<group>"; };
		113CC1462837719B0081204C /* Client.swift */ = {isa = PBXFileReference; lastKnownFileType = sourcecode.swift; path = Client.swift; sourceTree = "<group>"; };
		113CC148283771D00081204C /* APICall.swift */ = {isa = PBXFileReference; lastKnownFileType = sourcecode.swift; path = APICall.swift; sourceTree = "<group>"; };
		113CC14B2837B2F40081204C /* FilmNoteEntity+Ext.swift */ = {isa = PBXFileReference; lastKnownFileType = sourcecode.swift; path = "FilmNoteEntity+Ext.swift"; sourceTree = "<group>"; };
		113CC14D2837B3F40081204C /* Repository.swift */ = {isa = PBXFileReference; lastKnownFileType = sourcecode.swift; path = Repository.swift; sourceTree = "<group>"; };
		113CC14F2837B5730081204C /* ResultResponse+Mapper.swift */ = {isa = PBXFileReference; lastKnownFileType = sourcecode.swift; path = "ResultResponse+Mapper.swift"; sourceTree = "<group>"; };
		113CC1522837B6A90081204C /* MediaTypeResponse+Mapper.swift */ = {isa = PBXFileReference; lastKnownFileType = sourcecode.swift; path = "MediaTypeResponse+Mapper.swift"; sourceTree = "<group>"; };
		113CC1542837E4CD0081204C /* MovieResponse+Mapper.swift */ = {isa = PBXFileReference; lastKnownFileType = sourcecode.swift; path = "MovieResponse+Mapper.swift"; sourceTree = "<group>"; };
		118DCA922837EFF3006D0364 /* TvResponse+Mapper.swift */ = {isa = PBXFileReference; lastKnownFileType = sourcecode.swift; path = "TvResponse+Mapper.swift"; sourceTree = "<group>"; };
		118DCA94283889B6006D0364 /* Word+Ext.swift */ = {isa = PBXFileReference; lastKnownFileType = sourcecode.swift; path = "Word+Ext.swift"; sourceTree = "<group>"; };
		118DCA9628388D7D006D0364 /* FilmNote.swift */ = {isa = PBXFileReference; lastKnownFileType = sourcecode.swift; path = FilmNote.swift; sourceTree = "<group>"; };
		118DCA982838915C006D0364 /* Mission+Ext.swift */ = {isa = PBXFileReference; lastKnownFileType = sourcecode.swift; path = "Mission+Ext.swift"; sourceTree = "<group>"; };
		118DCA9A28389252006D0364 /* FilmNote+Ext.swift */ = {isa = PBXFileReference; lastKnownFileType = sourcecode.swift; path = "FilmNote+Ext.swift"; sourceTree = "<group>"; };
		118DCA9C2838AA95006D0364 /* Film+Ext.swift */ = {isa = PBXFileReference; lastKnownFileType = sourcecode.swift; path = "Film+Ext.swift"; sourceTree = "<group>"; };
		118DCAA22838F69B006D0364 /* WordsTargetEnum.swift */ = {isa = PBXFileReference; lastKnownFileType = sourcecode.swift; path = WordsTargetEnum.swift; sourceTree = "<group>"; };
/* End PBXFileReference section */

/* Begin PBXFrameworksBuildPhase section */
		113CC0D9283695C60081204C /* Frameworks */ = {
			isa = PBXFrameworksBuildPhase;
			buildActionMask = 2147483647;
			files = (
			);
			runOnlyForDeploymentPostprocessing = 0;
		};
/* End PBXFrameworksBuildPhase section */

/* Begin PBXGroup section */
		113CC0D3283695C60081204C = {
			isa = PBXGroup;
			children = (
				113CC0DE283695C60081204C /* FilmsWithBenefits */,
				113CC0DD283695C60081204C /* Products */,
			);
			sourceTree = "<group>";
		};
		113CC0DD283695C60081204C /* Products */ = {
			isa = PBXGroup;
			children = (
				113CC0DC283695C60081204C /* FilmsWithBenefits.app */,
			);
			name = Products;
			sourceTree = "<group>";
		};
		113CC0DE283695C60081204C /* FilmsWithBenefits */ = {
			isa = PBXGroup;
			children = (
				118DCAA12838F63F006D0364 /* Enum */,
				113CC0DF283695C60081204C /* FilmsWithBenefitsApp.swift */,
				113CC0E1283695C60081204C /* ContentView.swift */,
				113CC0E3283695C70081204C /* Assets.xcassets */,
				113CC0E8283695C70081204C /* Persistence.swift */,
				113CC0EA283695C70081204C /* FilmsWithBenefits.xcdatamodeld */,
				113CC0F4283698DE0081204C /* Model */,
				113CC14A28378EFF0081204C /* Util */,
				113CC0E5283695C70081204C /* Preview Content */,
				113CC14D2837B3F40081204C /* Repository.swift */,
			);
			path = FilmsWithBenefits;
			sourceTree = "<group>";
		};
		113CC0E5283695C70081204C /* Preview Content */ = {
			isa = PBXGroup;
			children = (
				113CC0E6283695C70081204C /* Preview Assets.xcassets */,
			);
			path = "Preview Content";
			sourceTree = "<group>";
		};
		113CC0F4283698DE0081204C /* Model */ = {
			isa = PBXGroup;
			children = (
				113CC11E28375E010081204C /* Network */,
				113CC11D28375DFC0081204C /* Entity */,
				113CC11C28375DF00081204C /* Domain */,
			);
			path = Model;
			sourceTree = "<group>";
		};
		113CC11C28375DF00081204C /* Domain */ = {
			isa = PBXGroup;
			children = (
				118DCAA02838CF38006D0364 /* Ext */,
				113CC0F5283698EB0081204C /* Word.swift */,
				113CC0F728369C990081204C /* Mission.swift */,
				113CC0F928369CC90081204C /* Film.swift */,
				118DCA9628388D7D006D0364 /* FilmNote.swift */,
			);
			path = Domain;
			sourceTree = "<group>";
		};
		113CC11D28375DFC0081204C /* Entity */ = {
			isa = PBXGroup;
			children = (
				118DCA9F2838CF30006D0364 /* Ext */,
			);
			path = Entity;
			sourceTree = "<group>";
		};
		113CC11E28375E010081204C /* Network */ = {
			isa = PBXGroup;
			children = (
				118DCA9E2838CF22006D0364 /* Ext */,
				113CC12628376DFD0081204C /* CreatedByResponse.swift */,
				113CC12828376DFD0081204C /* GenreResponse.swift */,
				113CC12328376DFD0081204C /* JSONSchemaSupport.swift */,
				113CC12928376DFD0081204C /* LastEpisodeToAirResponse.swift */,
				113CC13C283770160081204C /* MediaTypeResponse.swift */,
				113CC13528376EFA0081204C /* MovieResponse.swift */,
				113CC12428376DFD0081204C /* NetworkResponse.swift */,
				113CC13B283770160081204C /* OriginalLanguageResponse.swift */,
				113CC13628376EFA0081204C /* ProductionCompanyResponse.swift */,
				113CC12528376DFD0081204C /* ProductionCountryResponse.swift */,
				113CC13A283770160081204C /* ResultResponse.swift */,
				113CC139283770160081204C /* SearchResponse.swift */,
				113CC12A28376DFD0081204C /* SeasonResponse.swift */,
				113CC12728376DFD0081204C /* SpokenLanguageResponse.swift */,
				113CC12B28376DFD0081204C /* TvResponse.swift */,
			);
			path = Network;
			sourceTree = "<group>";
		};
		113CC1412837713F0081204C /* Network */ = {
			isa = PBXGroup;
			children = (
				113CC148283771D00081204C /* APICall.swift */,
				113CC1462837719B0081204C /* Client.swift */,
				113CC1442837718A0081204C /* ErrorResponse.swift */,
				113CC142283771750081204C /* RequestResult.swift */,
			);
			path = Network;
			sourceTree = "<group>";
		};
		113CC14A28378EFF0081204C /* Util */ = {
			isa = PBXGroup;
			children = (
				113CC1412837713F0081204C /* Network */,
			);
			path = Util;
			sourceTree = "<group>";
		};
		118DCA9E2838CF22006D0364 /* Ext */ = {
			isa = PBXGroup;
			children = (
				113CC14F2837B5730081204C /* ResultResponse+Mapper.swift */,
				113CC1522837B6A90081204C /* MediaTypeResponse+Mapper.swift */,
				113CC1542837E4CD0081204C /* MovieResponse+Mapper.swift */,
				118DCA922837EFF3006D0364 /* TvResponse+Mapper.swift */,
			);
			path = Ext;
			sourceTree = "<group>";
		};
		118DCA9F2838CF30006D0364 /* Ext */ = {
			isa = PBXGroup;
			children = (
				113CC11F28375E690081204C /* MissionEntity+Ext.swift */,
				113CC12128375EA90081204C /* WordEntity+Ext.swift */,
				113CC14B2837B2F40081204C /* FilmNoteEntity+Ext.swift */,
			);
			path = Ext;
			sourceTree = "<group>";
		};
		118DCAA02838CF38006D0364 /* Ext */ = {
			isa = PBXGroup;
			children = (
				118DCA9C2838AA95006D0364 /* Film+Ext.swift */,
				118DCA9A28389252006D0364 /* FilmNote+Ext.swift */,
				118DCA982838915C006D0364 /* Mission+Ext.swift */,
				118DCA94283889B6006D0364 /* Word+Ext.swift */,
			);
			path = Ext;
			sourceTree = "<group>";
		};
		118DCAA12838F63F006D0364 /* Enum */ = {
			isa = PBXGroup;
			children = (
				113CC0FB2836A2FD0081204C /* FilmTypeEnum.swift */,
				118DCAA22838F69B006D0364 /* WordsTargetEnum.swift */,
				113CC0F22836971D0081204C /* WordTypeEnum.swift */,
			);
			path = Enum;
			sourceTree = "<group>";
		};
/* End PBXGroup section */

/* Begin PBXNativeTarget section */
		113CC0DB283695C60081204C /* FilmsWithBenefits */ = {
			isa = PBXNativeTarget;
			buildConfigurationList = 113CC0EF283695C70081204C /* Build configuration list for PBXNativeTarget "FilmsWithBenefits" */;
			buildPhases = (
				113CC0D8283695C60081204C /* Sources */,
				113CC0D9283695C60081204C /* Frameworks */,
				113CC0DA283695C60081204C /* Resources */,
			);
			buildRules = (
			);
			dependencies = (
			);
			name = FilmsWithBenefits;
			productName = FilmsWithBenefits;
			productReference = 113CC0DC283695C60081204C /* FilmsWithBenefits.app */;
			productType = "com.apple.product-type.application";
		};
/* End PBXNativeTarget section */

/* Begin PBXProject section */
		113CC0D4283695C60081204C /* Project object */ = {
			isa = PBXProject;
			attributes = {
				BuildIndependentTargetsInParallel = 1;
				LastSwiftUpdateCheck = 1330;
				LastUpgradeCheck = 1330;
				TargetAttributes = {
					113CC0DB283695C60081204C = {
						CreatedOnToolsVersion = 13.3.1;
					};
				};
			};
			buildConfigurationList = 113CC0D7283695C60081204C /* Build configuration list for PBXProject "FilmsWithBenefits" */;
			compatibilityVersion = "Xcode 13.0";
			developmentRegion = en;
			hasScannedForEncodings = 0;
			knownRegions = (
				en,
				Base,
			);
			mainGroup = 113CC0D3283695C60081204C;
			productRefGroup = 113CC0DD283695C60081204C /* Products */;
			projectDirPath = "";
			projectRoot = "";
			targets = (
				113CC0DB283695C60081204C /* FilmsWithBenefits */,
			);
		};
/* End PBXProject section */

/* Begin PBXResourcesBuildPhase section */
		113CC0DA283695C60081204C /* Resources */ = {
			isa = PBXResourcesBuildPhase;
			buildActionMask = 2147483647;
			files = (
				113CC0E7283695C70081204C /* Preview Assets.xcassets in Resources */,
				113CC0E4283695C70081204C /* Assets.xcassets in Resources */,
			);
			runOnlyForDeploymentPostprocessing = 0;
		};
/* End PBXResourcesBuildPhase section */

/* Begin PBXSourcesBuildPhase section */
		113CC0D8283695C60081204C /* Sources */ = {
			isa = PBXSourcesBuildPhase;
			buildActionMask = 2147483647;
			files = (
				113CC140283770160081204C /* MediaTypeResponse.swift in Sources */,
				113CC12D28376DFD0081204C /* NetworkResponse.swift in Sources */,
				113CC13228376DFD0081204C /* LastEpisodeToAirResponse.swift in Sources */,
				113CC143283771750081204C /* RequestResult.swift in Sources */,
				113CC149283771D00081204C /* APICall.swift in Sources */,
				118DCA992838915C006D0364 /* Mission+Ext.swift in Sources */,
				113CC1472837719B0081204C /* Client.swift in Sources */,
				113CC1502837B5730081204C /* ResultResponse+Mapper.swift in Sources */,
				113CC13D283770160081204C /* SearchResponse.swift in Sources */,
				113CC0FC2836A2FD0081204C /* FilmTypeEnum.swift in Sources */,
				118DCA9D2838AA95006D0364 /* Film+Ext.swift in Sources */,
				113CC13328376DFD0081204C /* SeasonResponse.swift in Sources */,
				113CC14C2837B2F40081204C /* FilmNoteEntity+Ext.swift in Sources */,
				113CC12F28376DFD0081204C /* CreatedByResponse.swift in Sources */,
				113CC14E2837B3F40081204C /* Repository.swift in Sources */,
				118DCA9B28389252006D0364 /* FilmNote+Ext.swift in Sources */,
				113CC1552837E4CD0081204C /* MovieResponse+Mapper.swift in Sources */,
				113CC13E283770160081204C /* ResultResponse.swift in Sources */,
				118DCA932837EFF3006D0364 /* TvResponse+Mapper.swift in Sources */,
				113CC13028376DFD0081204C /* SpokenLanguageResponse.swift in Sources */,
				113CC0F32836971D0081204C /* WordTypeEnum.swift in Sources */,
				113CC0E9283695C70081204C /* Persistence.swift in Sources */,
				113CC13828376EFA0081204C /* ProductionCompanyResponse.swift in Sources */,
				113CC0EC283695C70081204C /* FilmsWithBenefits.xcdatamodeld in Sources */,
				113CC0E2283695C60081204C /* ContentView.swift in Sources */,
				118DCAA32838F69B006D0364 /* WordsTargetEnum.swift in Sources */,
				113CC1532837B6A90081204C /* MediaTypeResponse+Mapper.swift in Sources */,
				113CC0E0283695C60081204C /* FilmsWithBenefitsApp.swift in Sources */,
				113CC12C28376DFD0081204C /* JSONSchemaSupport.swift in Sources */,
				113CC13128376DFD0081204C /* GenreResponse.swift in Sources */,
				118DCA95283889B6006D0364 /* Word+Ext.swift in Sources */,
				113CC13728376EFA0081204C /* MovieResponse.swift in Sources */,
				113CC12028375E690081204C /* MissionEntity+Ext.swift in Sources */,
				113CC0FA28369CC90081204C /* Film.swift in Sources */,
				113CC12228375EA90081204C /* WordEntity+Ext.swift in Sources */,
				113CC13428376DFD0081204C /* TvResponse.swift in Sources */,
				113CC13F283770160081204C /* OriginalLanguageResponse.swift in Sources */,
				113CC12E28376DFD0081204C /* ProductionCountryResponse.swift in Sources */,
				113CC0F828369C990081204C /* Mission.swift in Sources */,
				118DCA9728388D7D006D0364 /* FilmNote.swift in Sources */,
				113CC0F6283698EB0081204C /* Word.swift in Sources */,
				113CC1452837718A0081204C /* ErrorResponse.swift in Sources */,
			);
			runOnlyForDeploymentPostprocessing = 0;
		};
/* End PBXSourcesBuildPhase section */

/* Begin XCBuildConfiguration section */
		113CC0ED283695C70081204C /* Debug */ = {
			isa = XCBuildConfiguration;
			buildSettings = {
				ALWAYS_SEARCH_USER_PATHS = NO;
				CLANG_ANALYZER_NONNULL = YES;
				CLANG_ANALYZER_NUMBER_OBJECT_CONVERSION = YES_AGGRESSIVE;
				CLANG_CXX_LANGUAGE_STANDARD = "gnu++17";
				CLANG_ENABLE_MODULES = YES;
				CLANG_ENABLE_OBJC_ARC = YES;
				CLANG_ENABLE_OBJC_WEAK = YES;
				CLANG_WARN_BLOCK_CAPTURE_AUTORELEASING = YES;
				CLANG_WARN_BOOL_CONVERSION = YES;
				CLANG_WARN_COMMA = YES;
				CLANG_WARN_CONSTANT_CONVERSION = YES;
				CLANG_WARN_DEPRECATED_OBJC_IMPLEMENTATIONS = YES;
				CLANG_WARN_DIRECT_OBJC_ISA_USAGE = YES_ERROR;
				CLANG_WARN_DOCUMENTATION_COMMENTS = YES;
				CLANG_WARN_EMPTY_BODY = YES;
				CLANG_WARN_ENUM_CONVERSION = YES;
				CLANG_WARN_INFINITE_RECURSION = YES;
				CLANG_WARN_INT_CONVERSION = YES;
				CLANG_WARN_NON_LITERAL_NULL_CONVERSION = YES;
				CLANG_WARN_OBJC_IMPLICIT_RETAIN_SELF = YES;
				CLANG_WARN_OBJC_LITERAL_CONVERSION = YES;
				CLANG_WARN_OBJC_ROOT_CLASS = YES_ERROR;
				CLANG_WARN_QUOTED_INCLUDE_IN_FRAMEWORK_HEADER = YES;
				CLANG_WARN_RANGE_LOOP_ANALYSIS = YES;
				CLANG_WARN_STRICT_PROTOTYPES = YES;
				CLANG_WARN_SUSPICIOUS_MOVE = YES;
				CLANG_WARN_UNGUARDED_AVAILABILITY = YES_AGGRESSIVE;
				CLANG_WARN_UNREACHABLE_CODE = YES;
				CLANG_WARN__DUPLICATE_METHOD_MATCH = YES;
				COPY_PHASE_STRIP = NO;
				DEBUG_INFORMATION_FORMAT = dwarf;
				ENABLE_STRICT_OBJC_MSGSEND = YES;
				ENABLE_TESTABILITY = YES;
				GCC_C_LANGUAGE_STANDARD = gnu11;
				GCC_DYNAMIC_NO_PIC = NO;
				GCC_NO_COMMON_BLOCKS = YES;
				GCC_OPTIMIZATION_LEVEL = 0;
				GCC_PREPROCESSOR_DEFINITIONS = (
					"DEBUG=1",
					"$(inherited)",
				);
				GCC_WARN_64_TO_32_BIT_CONVERSION = YES;
				GCC_WARN_ABOUT_RETURN_TYPE = YES_ERROR;
				GCC_WARN_UNDECLARED_SELECTOR = YES;
				GCC_WARN_UNINITIALIZED_AUTOS = YES_AGGRESSIVE;
				GCC_WARN_UNUSED_FUNCTION = YES;
				GCC_WARN_UNUSED_VARIABLE = YES;
				IPHONEOS_DEPLOYMENT_TARGET = 15.4;
				MTL_ENABLE_DEBUG_INFO = INCLUDE_SOURCE;
				MTL_FAST_MATH = YES;
				ONLY_ACTIVE_ARCH = YES;
				SDKROOT = iphoneos;
				SWIFT_ACTIVE_COMPILATION_CONDITIONS = DEBUG;
				SWIFT_OPTIMIZATION_LEVEL = "-Onone";
			};
			name = Debug;
		};
		113CC0EE283695C70081204C /* Release */ = {
			isa = XCBuildConfiguration;
			buildSettings = {
				ALWAYS_SEARCH_USER_PATHS = NO;
				CLANG_ANALYZER_NONNULL = YES;
				CLANG_ANALYZER_NUMBER_OBJECT_CONVERSION = YES_AGGRESSIVE;
				CLANG_CXX_LANGUAGE_STANDARD = "gnu++17";
				CLANG_ENABLE_MODULES = YES;
				CLANG_ENABLE_OBJC_ARC = YES;
				CLANG_ENABLE_OBJC_WEAK = YES;
				CLANG_WARN_BLOCK_CAPTURE_AUTORELEASING = YES;
				CLANG_WARN_BOOL_CONVERSION = YES;
				CLANG_WARN_COMMA = YES;
				CLANG_WARN_CONSTANT_CONVERSION = YES;
				CLANG_WARN_DEPRECATED_OBJC_IMPLEMENTATIONS = YES;
				CLANG_WARN_DIRECT_OBJC_ISA_USAGE = YES_ERROR;
				CLANG_WARN_DOCUMENTATION_COMMENTS = YES;
				CLANG_WARN_EMPTY_BODY = YES;
				CLANG_WARN_ENUM_CONVERSION = YES;
				CLANG_WARN_INFINITE_RECURSION = YES;
				CLANG_WARN_INT_CONVERSION = YES;
				CLANG_WARN_NON_LITERAL_NULL_CONVERSION = YES;
				CLANG_WARN_OBJC_IMPLICIT_RETAIN_SELF = YES;
				CLANG_WARN_OBJC_LITERAL_CONVERSION = YES;
				CLANG_WARN_OBJC_ROOT_CLASS = YES_ERROR;
				CLANG_WARN_QUOTED_INCLUDE_IN_FRAMEWORK_HEADER = YES;
				CLANG_WARN_RANGE_LOOP_ANALYSIS = YES;
				CLANG_WARN_STRICT_PROTOTYPES = YES;
				CLANG_WARN_SUSPICIOUS_MOVE = YES;
				CLANG_WARN_UNGUARDED_AVAILABILITY = YES_AGGRESSIVE;
				CLANG_WARN_UNREACHABLE_CODE = YES;
				CLANG_WARN__DUPLICATE_METHOD_MATCH = YES;
				COPY_PHASE_STRIP = NO;
				DEBUG_INFORMATION_FORMAT = "dwarf-with-dsym";
				ENABLE_NS_ASSERTIONS = NO;
				ENABLE_STRICT_OBJC_MSGSEND = YES;
				GCC_C_LANGUAGE_STANDARD = gnu11;
				GCC_NO_COMMON_BLOCKS = YES;
				GCC_WARN_64_TO_32_BIT_CONVERSION = YES;
				GCC_WARN_ABOUT_RETURN_TYPE = YES_ERROR;
				GCC_WARN_UNDECLARED_SELECTOR = YES;
				GCC_WARN_UNINITIALIZED_AUTOS = YES_AGGRESSIVE;
				GCC_WARN_UNUSED_FUNCTION = YES;
				GCC_WARN_UNUSED_VARIABLE = YES;
				IPHONEOS_DEPLOYMENT_TARGET = 15.4;
				MTL_ENABLE_DEBUG_INFO = NO;
				MTL_FAST_MATH = YES;
				SDKROOT = iphoneos;
				SWIFT_COMPILATION_MODE = wholemodule;
				SWIFT_OPTIMIZATION_LEVEL = "-O";
				VALIDATE_PRODUCT = YES;
			};
			name = Release;
		};
		113CC0F0283695C70081204C /* Debug */ = {
			isa = XCBuildConfiguration;
			buildSettings = {
				ASSETCATALOG_COMPILER_APPICON_NAME = AppIcon;
				ASSETCATALOG_COMPILER_GLOBAL_ACCENT_COLOR_NAME = AccentColor;
				CODE_SIGN_STYLE = Automatic;
				CURRENT_PROJECT_VERSION = 1;
				DEVELOPMENT_ASSET_PATHS = "\"FilmsWithBenefits/Preview Content\"";
				DEVELOPMENT_TEAM = BAFJ582D2S;
				ENABLE_PREVIEWS = YES;
				GENERATE_INFOPLIST_FILE = YES;
				INFOPLIST_KEY_UIApplicationSceneManifest_Generation = YES;
				INFOPLIST_KEY_UIApplicationSupportsIndirectInputEvents = YES;
				INFOPLIST_KEY_UILaunchScreen_Generation = YES;
				INFOPLIST_KEY_UISupportedInterfaceOrientations_iPad = "UIInterfaceOrientationPortrait UIInterfaceOrientationPortraitUpsideDown UIInterfaceOrientationLandscapeLeft UIInterfaceOrientationLandscapeRight";
				INFOPLIST_KEY_UISupportedInterfaceOrientations_iPhone = "UIInterfaceOrientationPortrait UIInterfaceOrientationLandscapeLeft UIInterfaceOrientationLandscapeRight";
				LD_RUNPATH_SEARCH_PATHS = (
					"$(inherited)",
					"@executable_path/Frameworks",
				);
				MARKETING_VERSION = 1.0;
				PRODUCT_BUNDLE_IDENTIFIER = io.github.mfahmialkautsar.FilmsWithBenefits;
				PRODUCT_NAME = "$(TARGET_NAME)";
				SWIFT_EMIT_LOC_STRINGS = YES;
				SWIFT_VERSION = 5.0;
				TARGETED_DEVICE_FAMILY = "1,2";
			};
			name = Debug;
		};
		113CC0F1283695C70081204C /* Release */ = {
			isa = XCBuildConfiguration;
			buildSettings = {
				ASSETCATALOG_COMPILER_APPICON_NAME = AppIcon;
				ASSETCATALOG_COMPILER_GLOBAL_ACCENT_COLOR_NAME = AccentColor;
				CODE_SIGN_STYLE = Automatic;
				CURRENT_PROJECT_VERSION = 1;
				DEVELOPMENT_ASSET_PATHS = "\"FilmsWithBenefits/Preview Content\"";
				DEVELOPMENT_TEAM = BAFJ582D2S;
				ENABLE_PREVIEWS = YES;
				GENERATE_INFOPLIST_FILE = YES;
				INFOPLIST_KEY_UIApplicationSceneManifest_Generation = YES;
				INFOPLIST_KEY_UIApplicationSupportsIndirectInputEvents = YES;
				INFOPLIST_KEY_UILaunchScreen_Generation = YES;
				INFOPLIST_KEY_UISupportedInterfaceOrientations_iPad = "UIInterfaceOrientationPortrait UIInterfaceOrientationPortraitUpsideDown UIInterfaceOrientationLandscapeLeft UIInterfaceOrientationLandscapeRight";
				INFOPLIST_KEY_UISupportedInterfaceOrientations_iPhone = "UIInterfaceOrientationPortrait UIInterfaceOrientationLandscapeLeft UIInterfaceOrientationLandscapeRight";
				LD_RUNPATH_SEARCH_PATHS = (
					"$(inherited)",
					"@executable_path/Frameworks",
				);
				MARKETING_VERSION = 1.0;
				PRODUCT_BUNDLE_IDENTIFIER = io.github.mfahmialkautsar.FilmsWithBenefits;
				PRODUCT_NAME = "$(TARGET_NAME)";
				SWIFT_EMIT_LOC_STRINGS = YES;
				SWIFT_VERSION = 5.0;
				TARGETED_DEVICE_FAMILY = "1,2";
			};
			name = Release;
		};
/* End XCBuildConfiguration section */

/* Begin XCConfigurationList section */
		113CC0D7283695C60081204C /* Build configuration list for PBXProject "FilmsWithBenefits" */ = {
			isa = XCConfigurationList;
			buildConfigurations = (
				113CC0ED283695C70081204C /* Debug */,
				113CC0EE283695C70081204C /* Release */,
			);
			defaultConfigurationIsVisible = 0;
			defaultConfigurationName = Release;
		};
		113CC0EF283695C70081204C /* Build configuration list for PBXNativeTarget "FilmsWithBenefits" */ = {
			isa = XCConfigurationList;
			buildConfigurations = (
				113CC0F0283695C70081204C /* Debug */,
				113CC0F1283695C70081204C /* Release */,
			);
			defaultConfigurationIsVisible = 0;
			defaultConfigurationName = Release;
		};
/* End XCConfigurationList section */

/* Begin XCVersionGroup section */
		113CC0EA283695C70081204C /* FilmsWithBenefits.xcdatamodeld */ = {
			isa = XCVersionGroup;
			children = (
				113CC0EB283695C70081204C /* FilmsWithBenefits.xcdatamodel */,
			);
			currentVersion = 113CC0EB283695C70081204C /* FilmsWithBenefits.xcdatamodel */;
			path = FilmsWithBenefits.xcdatamodeld;
			sourceTree = "<group>";
			versionGroupType = wrapper.xcdatamodel;
		};
/* End XCVersionGroup section */
	};
	rootObject = 113CC0D4283695C60081204C /* Project object */;
}
